// !$*UTF8*$!
{
	archiveVersion = 1;
	classes = {
	};
	objectVersion = 48;
	objects = {

/* Begin PBXBuildFile section */
		5B94D760203E895200F5E358 /* AppDelegate.swift in Sources */ = {isa = PBXBuildFile; fileRef = 5B94D75F203E895200F5E358 /* AppDelegate.swift */; };
		5B94D762203E895200F5E358 /* art.scnassets in Resources */ = {isa = PBXBuildFile; fileRef = 5B94D761203E895200F5E358 /* art.scnassets */; };
		5B94D764203E895200F5E358 /* ViewController.swift in Sources */ = {isa = PBXBuildFile; fileRef = 5B94D763203E895200F5E358 /* ViewController.swift */; };
		5B94D767203E895200F5E358 /* Main.storyboard in Resources */ = {isa = PBXBuildFile; fileRef = 5B94D765203E895200F5E358 /* Main.storyboard */; };
		5B94D769203E895200F5E358 /* Assets.xcassets in Resources */ = {isa = PBXBuildFile; fileRef = 5B94D768203E895200F5E358 /* Assets.xcassets */; };
		5B94D76C203E895200F5E358 /* LaunchScreen.storyboard in Resources */ = {isa = PBXBuildFile; fileRef = 5B94D76A203E895200F5E358 /* LaunchScreen.storyboard */; };
		5B94D777203E895200F5E358 /* PortalTests.swift in Sources */ = {isa = PBXBuildFile; fileRef = 5B94D776203E895200F5E358 /* PortalTests.swift */; };
		5B94D782203E895200F5E358 /* PortalUITests.swift in Sources */ = {isa = PBXBuildFile; fileRef = 5B94D781203E895200F5E358 /* PortalUITests.swift */; };
		5B94D790203E8A8C00F5E358 /* Extension.swift in Sources */ = {isa = PBXBuildFile; fileRef = 5B94D78F203E8A8C00F5E358 /* Extension.swift */; };
/* End PBXBuildFile section */

/* Begin PBXContainerItemProxy section */
		5B94D773203E895200F5E358 /* PBXContainerItemProxy */ = {
			isa = PBXContainerItemProxy;
			containerPortal = 5B94D754203E895200F5E358 /* Project object */;
			proxyType = 1;
			remoteGlobalIDString = 5B94D75B203E895200F5E358;
			remoteInfo = Portal;
		};
		5B94D77E203E895200F5E358 /* PBXContainerItemProxy */ = {
			isa = PBXContainerItemProxy;
			containerPortal = 5B94D754203E895200F5E358 /* Project object */;
			proxyType = 1;
			remoteGlobalIDString = 5B94D75B203E895200F5E358;
			remoteInfo = Portal;
		};
/* End PBXContainerItemProxy section */

/* Begin PBXFileReference section */
		5B94D75C203E895200F5E358 /* Portal.app */ = {isa = PBXFileReference; explicitFileType = wrapper.application; includeInIndex = 0; path = Portal.app; sourceTree = BUILT_PRODUCTS_DIR; };
		5B94D75F203E895200F5E358 /* AppDelegate.swift */ = {isa = PBXFileReference; lastKnownFileType = sourcecode.swift; path = AppDelegate.swift; sourceTree = "<group>"; };
		5B94D761203E895200F5E358 /* art.scnassets */ = {isa = PBXFileReference; lastKnownFileType = wrapper.scnassets; path = art.scnassets; sourceTree = "<group>"; };
		5B94D763203E895200F5E358 /* ViewController.swift */ = {isa = PBXFileReference; lastKnownFileType = sourcecode.swift; path = ViewController.swift; sourceTree = "<group>"; };
		5B94D766203E895200F5E358 /* Base */ = {isa = PBXFileReference; lastKnownFileType = file.storyboard; name = Base; path = Base.lproj/Main.storyboard; sourceTree = "<group>"; };
		5B94D768203E895200F5E358 /* Assets.xcassets */ = {isa = PBXFileReference; lastKnownFileType = folder.assetcatalog; path = Assets.xcassets; sourceTree = "<group>"; };
		5B94D76B203E895200F5E358 /* Base */ = {isa = PBXFileReference; lastKnownFileType = file.storyboard; name = Base; path = Base.lproj/LaunchScreen.storyboard; sourceTree = "<group>"; };
		5B94D76D203E895200F5E358 /* Info.plist */ = {isa = PBXFileReference; lastKnownFileType = text.plist.xml; path = Info.plist; sourceTree = "<group>"; };
		5B94D772203E895200F5E358 /* PortalTests.xctest */ = {isa = PBXFileReference; explicitFileType = wrapper.cfbundle; includeInIndex = 0; path = PortalTests.xctest; sourceTree = BUILT_PRODUCTS_DIR; };
		5B94D776203E895200F5E358 /* PortalTests.swift */ = {isa = PBXFileReference; lastKnownFileType = sourcecode.swift; path = PortalTests.swift; sourceTree = "<group>"; };
		5B94D778203E895200F5E358 /* Info.plist */ = {isa = PBXFileReference; lastKnownFileType = text.plist.xml; path = Info.plist; sourceTree = "<group>"; };
		5B94D77D203E895200F5E358 /* PortalUITests.xctest */ = {isa = PBXFileReference; explicitFileType = wrapper.cfbundle; includeInIndex = 0; path = PortalUITests.xctest; sourceTree = BUILT_PRODUCTS_DIR; };
		5B94D781203E895200F5E358 /* PortalUITests.swift */ = {isa = PBXFileReference; lastKnownFileType = sourcecode.swift; path = PortalUITests.swift; sourceTree = "<group>"; };
		5B94D783203E895200F5E358 /* Info.plist */ = {isa = PBXFileReference; lastKnownFileType = text.plist.xml; path = Info.plist; sourceTree = "<group>"; };
		5B94D78F203E8A8C00F5E358 /* Extension.swift */ = {isa = PBXFileReference; lastKnownFileType = sourcecode.swift; path = Extension.swift; sourceTree = "<group>"; };
/* End PBXFileReference section */

/* Begin PBXFrameworksBuildPhase section */
		5B94D759203E895200F5E358 /* Frameworks */ = {
			isa = PBXFrameworksBuildPhase;
			buildActionMask = 2147483647;
			files = (
			);
			runOnlyForDeploymentPostprocessing = 0;
		};
		5B94D76F203E895200F5E358 /* Frameworks */ = {
			isa = PBXFrameworksBuildPhase;
			buildActionMask = 2147483647;
			files = (
			);
			runOnlyForDeploymentPostprocessing = 0;
		};
		5B94D77A203E895200F5E358 /* Frameworks */ = {
			isa = PBXFrameworksBuildPhase;
			buildActionMask = 2147483647;
			files = (
			);
			runOnlyForDeploymentPostprocessing = 0;
		};
/* End PBXFrameworksBuildPhase section */

/* Begin PBXGroup section */
		5B94D753203E895200F5E358 = {
			isa = PBXGroup;
			children = (
				5B94D78F203E8A8C00F5E358 /* Extension.swift */,
				5B94D75E203E895200F5E358 /* Portal */,
				5B94D775203E895200F5E358 /* PortalTests */,
				5B94D780203E895200F5E358 /* PortalUITests */,
				5B94D75D203E895200F5E358 /* Products */,
			);
			sourceTree = "<group>";
		};
		5B94D75D203E895200F5E358 /* Products */ = {
			isa = PBXGroup;
			children = (
				5B94D75C203E895200F5E358 /* Portal.app */,
				5B94D772203E895200F5E358 /* PortalTests.xctest */,
				5B94D77D203E895200F5E358 /* PortalUITests.xctest */,
			);
			name = Products;
			sourceTree = "<group>";
		};
		5B94D75E203E895200F5E358 /* Portal */ = {
			isa = PBXGroup;
			children = (
				5B94D75F203E895200F5E358 /* AppDelegate.swift */,
				5B94D761203E895200F5E358 /* art.scnassets */,
				5B94D763203E895200F5E358 /* ViewController.swift */,
				5B94D765203E895200F5E358 /* Main.storyboard */,
				5B94D768203E895200F5E358 /* Assets.xcassets */,
				5B94D76A203E895200F5E358 /* LaunchScreen.storyboard */,
				5B94D76D203E895200F5E358 /* Info.plist */,
			);
			path = Portal;
			sourceTree = "<group>";
		};
		5B94D775203E895200F5E358 /* PortalTests */ = {
			isa = PBXGroup;
			children = (
				5B94D776203E895200F5E358 /* PortalTests.swift */,
				5B94D778203E895200F5E358 /* Info.plist */,
			);
			path = PortalTests;
			sourceTree = "<group>";
		};
		5B94D780203E895200F5E358 /* PortalUITests */ = {
			isa = PBXGroup;
			children = (
				5B94D781203E895200F5E358 /* PortalUITests.swift */,
				5B94D783203E895200F5E358 /* Info.plist */,
			);
			path = PortalUITests;
			sourceTree = "<group>";
		};
/* End PBXGroup section */

/* Begin PBXNativeTarget section */
		5B94D75B203E895200F5E358 /* Portal */ = {
			isa = PBXNativeTarget;
			buildConfigurationList = 5B94D786203E895300F5E358 /* Build configuration list for PBXNativeTarget "Portal" */;
			buildPhases = (
				5B94D758203E895200F5E358 /* Sources */,
				5B94D759203E895200F5E358 /* Frameworks */,
				5B94D75A203E895200F5E358 /* Resources */,
			);
			buildRules = (
			);
			dependencies = (
			);
			name = Portal;
			productName = Portal;
			productReference = 5B94D75C203E895200F5E358 /* Portal.app */;
			productType = "com.apple.product-type.application";
		};
		5B94D771203E895200F5E358 /* PortalTests */ = {
			isa = PBXNativeTarget;
			buildConfigurationList = 5B94D789203E895300F5E358 /* Build configuration list for PBXNativeTarget "PortalTests" */;
			buildPhases = (
				5B94D76E203E895200F5E358 /* Sources */,
				5B94D76F203E895200F5E358 /* Frameworks */,
				5B94D770203E895200F5E358 /* Resources */,
			);
			buildRules = (
			);
			dependencies = (
				5B94D774203E895200F5E358 /* PBXTargetDependency */,
			);
			name = PortalTests;
			productName = PortalTests;
			productReference = 5B94D772203E895200F5E358 /* PortalTests.xctest */;
			productType = "com.apple.product-type.bundle.unit-test";
		};
		5B94D77C203E895200F5E358 /* PortalUITests */ = {
			isa = PBXNativeTarget;
			buildConfigurationList = 5B94D78C203E895300F5E358 /* Build configuration list for PBXNativeTarget "PortalUITests" */;
			buildPhases = (
				5B94D779203E895200F5E358 /* Sources */,
				5B94D77A203E895200F5E358 /* Frameworks */,
				5B94D77B203E895200F5E358 /* Resources */,
			);
			buildRules = (
			);
			dependencies = (
				5B94D77F203E895200F5E358 /* PBXTargetDependency */,
			);
			name = PortalUITests;
			productName = PortalUITests;
			productReference = 5B94D77D203E895200F5E358 /* PortalUITests.xctest */;
			productType = "com.apple.product-type.bundle.ui-testing";
		};
/* End PBXNativeTarget section */

/* Begin PBXProject section */
		5B94D754203E895200F5E358 /* Project object */ = {
			isa = PBXProject;
			attributes = {
				LastSwiftUpdateCheck = 0920;
				LastUpgradeCheck = 0920;
				ORGANIZATIONNAME = "Getting Out Our Dreams";
				TargetAttributes = {
					5B94D75B203E895200F5E358 = {
						CreatedOnToolsVersion = 9.2;
						ProvisioningStyle = Automatic;
					};
					5B94D771203E895200F5E358 = {
						CreatedOnToolsVersion = 9.2;
						ProvisioningStyle = Automatic;
						TestTargetID = 5B94D75B203E895200F5E358;
					};
					5B94D77C203E895200F5E358 = {
						CreatedOnToolsVersion = 9.2;
						ProvisioningStyle = Automatic;
						TestTargetID = 5B94D75B203E895200F5E358;
					};
				};
			};
			buildConfigurationList = 5B94D757203E895200F5E358 /* Build configuration list for PBXProject "Portal" */;
			compatibilityVersion = "Xcode 8.0";
			developmentRegion = en;
			hasScannedForEncodings = 0;
			knownRegions = (
				en,
				Base,
			);
			mainGroup = 5B94D753203E895200F5E358;
			productRefGroup = 5B94D75D203E895200F5E358 /* Products */;
			projectDirPath = "";
			projectRoot = "";
			targets = (
				5B94D75B203E895200F5E358 /* Portal */,
				5B94D771203E895200F5E358 /* PortalTests */,
				5B94D77C203E895200F5E358 /* PortalUITests */,
			);
		};
/* End PBXProject section */

/* Begin PBXResourcesBuildPhase section */
		5B94D75A203E895200F5E358 /* Resources */ = {
			isa = PBXResourcesBuildPhase;
			buildActionMask = 2147483647;
			files = (
				5B94D762203E895200F5E358 /* art.scnassets in Resources */,
				5B94D76C203E895200F5E358 /* LaunchScreen.storyboard in Resources */,
				5B94D769203E895200F5E358 /* Assets.xcassets in Resources */,
				5B94D767203E895200F5E358 /* Main.storyboard in Resources */,
			);
			runOnlyForDeploymentPostprocessing = 0;
		};
		5B94D770203E895200F5E358 /* Resources */ = {
			isa = PBXResourcesBuildPhase;
			buildActionMask = 2147483647;
			files = (
			);
			runOnlyForDeploymentPostprocessing = 0;
		};
		5B94D77B203E895200F5E358 /* Resources */ = {
			isa = PBXResourcesBuildPhase;
			buildActionMask = 2147483647;
			files = (
			);
			runOnlyForDeploymentPostprocessing = 0;
		};
/* End PBXResourcesBuildPhase section */

/* Begin PBXSourcesBuildPhase section */
		5B94D758203E895200F5E358 /* Sources */ = {
			isa = PBXSourcesBuildPhase;
			buildActionMask = 2147483647;
			files = (
				5B94D790203E8A8C00F5E358 /* Extension.swift in Sources */,
				5B94D764203E895200F5E358 /* ViewController.swift in Sources */,
				5B94D760203E895200F5E358 /* AppDelegate.swift in Sources */,
			);
			runOnlyForDeploymentPostprocessing = 0;
		};
		5B94D76E203E895200F5E358 /* Sources */ = {
			isa = PBXSourcesBuildPhase;
			buildActionMask = 2147483647;
			files = (
				5B94D777203E895200F5E358 /* PortalTests.swift in Sources */,
			);
			runOnlyForDeploymentPostprocessing = 0;
		};
		5B94D779203E895200F5E358 /* Sources */ = {
			isa = PBXSourcesBuildPhase;
			buildActionMask = 2147483647;
			files = (
				5B94D782203E895200F5E358 /* PortalUITests.swift in Sources */,
			);
			runOnlyForDeploymentPostprocessing = 0;
		};
/* End PBXSourcesBuildPhase section */

/* Begin PBXTargetDependency section */
		5B94D774203E895200F5E358 /* PBXTargetDependency */ = {
			isa = PBXTargetDependency;
			target = 5B94D75B203E895200F5E358 /* Portal */;
			targetProxy = 5B94D773203E895200F5E358 /* PBXContainerItemProxy */;
		};
		5B94D77F203E895200F5E358 /* PBXTargetDependency */ = {
			isa = PBXTargetDependency;
			target = 5B94D75B203E895200F5E358 /* Portal */;
			targetProxy = 5B94D77E203E895200F5E358 /* PBXContainerItemProxy */;
		};
/* End PBXTargetDependency section */

/* Begin PBXVariantGroup section */
		5B94D765203E895200F5E358 /* Main.storyboard */ = {
			isa = PBXVariantGroup;
			children = (
				5B94D766203E895200F5E358 /* Base */,
			);
			name = Main.storyboard;
			sourceTree = "<group>";
		};
		5B94D76A203E895200F5E358 /* LaunchScreen.storyboard */ = {
			isa = PBXVariantGroup;
			children = (
				5B94D76B203E895200F5E358 /* Base */,
			);
			name = LaunchScreen.storyboard;
			sourceTree = "<group>";
		};
/* End PBXVariantGroup section */

/* Begin XCBuildConfiguration section */
		5B94D784203E895300F5E358 /* Debug */ = {
			isa = XCBuildConfiguration;
			buildSettings = {
				ALWAYS_SEARCH_USER_PATHS = NO;
				CLANG_ANALYZER_NONNULL = YES;
				CLANG_ANALYZER_NUMBER_OBJECT_CONVERSION = YES_AGGRESSIVE;
				CLANG_CXX_LANGUAGE_STANDARD = "gnu++14";
				CLANG_CXX_LIBRARY = "libc++";
				CLANG_ENABLE_MODULES = YES;
				CLANG_ENABLE_OBJC_ARC = YES;
				CLANG_WARN_BLOCK_CAPTURE_AUTORELEASING = YES;
				CLANG_WARN_BOOL_CONVERSION = YES;
				CLANG_WARN_COMMA = YES;
				CLANG_WARN_CONSTANT_CONVERSION = YES;
				CLANG_WARN_DIRECT_OBJC_ISA_USAGE = YES_ERROR;
				CLANG_WARN_DOCUMENTATION_COMMENTS = YES;
				CLANG_WARN_EMPTY_BODY = YES;
				CLANG_WARN_ENUM_CONVERSION = YES;
				CLANG_WARN_INFINITE_RECURSION = YES;
				CLANG_WARN_INT_CONVERSION = YES;
				CLANG_WARN_NON_LITERAL_NULL_CONVERSION = YES;
				CLANG_WARN_OBJC_LITERAL_CONVERSION = YES;
				CLANG_WARN_OBJC_ROOT_CLASS = YES_ERROR;
				CLANG_WARN_RANGE_LOOP_ANALYSIS = YES;
				CLANG_WARN_STRICT_PROTOTYPES = YES;
				CLANG_WARN_SUSPICIOUS_MOVE = YES;
				CLANG_WARN_UNGUARDED_AVAILABILITY = YES_AGGRESSIVE;
				CLANG_WARN_UNREACHABLE_CODE = YES;
				CLANG_WARN__DUPLICATE_METHOD_MATCH = YES;
				CODE_SIGN_IDENTITY = "iPhone Developer";
				COPY_PHASE_STRIP = NO;
				DEBUG_INFORMATION_FORMAT = dwarf;
				ENABLE_STRICT_OBJC_MSGSEND = YES;
				ENABLE_TESTABILITY = YES;
				GCC_C_LANGUAGE_STANDARD = gnu11;
				GCC_DYNAMIC_NO_PIC = NO;
				GCC_NO_COMMON_BLOCKS = YES;
				GCC_OPTIMIZATION_LEVEL = 0;
				GCC_PREPROCESSOR_DEFINITIONS = (
					"DEBUG=1",
					"$(inherited)",
				);
				GCC_WARN_64_TO_32_BIT_CONVERSION = YES;
				GCC_WARN_ABOUT_RETURN_TYPE = YES_ERROR;
				GCC_WARN_UNDECLARED_SELECTOR = YES;
				GCC_WARN_UNINITIALIZED_AUTOS = YES_AGGRESSIVE;
				GCC_WARN_UNUSED_FUNCTION = YES;
				GCC_WARN_UNUSED_VARIABLE = YES;
				IPHONEOS_DEPLOYMENT_TARGET = 11.2;
				MTL_ENABLE_DEBUG_INFO = YES;
				ONLY_ACTIVE_ARCH = YES;
				SDKROOT = iphoneos;
				SWIFT_ACTIVE_COMPILATION_CONDITIONS = DEBUG;
				SWIFT_OPTIMIZATION_LEVEL = "-Onone";
			};
			name = Debug;
		};
		5B94D785203E895300F5E358 /* Release */ = {
			isa = XCBuildConfiguration;
			buildSettings = {
				ALWAYS_SEARCH_USER_PATHS = NO;
				CLANG_ANALYZER_NONNULL = YES;
				CLANG_ANALYZER_NUMBER_OBJECT_CONVERSION = YES_AGGRESSIVE;
				CLANG_CXX_LANGUAGE_STANDARD = "gnu++14";
				CLANG_CXX_LIBRARY = "libc++";
				CLANG_ENABLE_MODULES = YES;
				CLANG_ENABLE_OBJC_ARC = YES;
				CLANG_WARN_BLOCK_CAPTURE_AUTORELEASING = YES;
				CLANG_WARN_BOOL_CONVERSION = YES;
				CLANG_WARN_COMMA = YES;
				CLANG_WARN_CONSTANT_CONVERSION = YES;
				CLANG_WARN_DIRECT_OBJC_ISA_USAGE = YES_ERROR;
				CLANG_WARN_DOCUMENTATION_COMMENTS = YES;
				CLANG_WARN_EMPTY_BODY = YES;
				CLANG_WARN_ENUM_CONVERSION = YES;
				CLANG_WARN_INFINITE_RECURSION = YES;
				CLANG_WARN_INT_CONVERSION = YES;
				CLANG_WARN_NON_LITERAL_NULL_CONVERSION = YES;
				CLANG_WARN_OBJC_LITERAL_CONVERSION = YES;
				CLANG_WARN_OBJC_ROOT_CLASS = YES_ERROR;
				CLANG_WARN_RANGE_LOOP_ANALYSIS = YES;
				CLANG_WARN_STRICT_PROTOTYPES = YES;
				CLANG_WARN_SUSPICIOUS_MOVE = YES;
				CLANG_WARN_UNGUARDED_AVAILABILITY = YES_AGGRESSIVE;
				CLANG_WARN_UNREACHABLE_CODE = YES;
				CLANG_WARN__DUPLICATE_METHOD_MATCH = YES;
				CODE_SIGN_IDENTITY = "iPhone Developer";
				COPY_PHASE_STRIP = NO;
				DEBUG_INFORMATION_FORMAT = "dwarf-with-dsym";
				ENABLE_NS_ASSERTIONS = NO;
				ENABLE_STRICT_OBJC_MSGSEND = YES;
				GCC_C_LANGUAGE_STANDARD = gnu11;
				GCC_NO_COMMON_BLOCKS = YES;
				GCC_WARN_64_TO_32_BIT_CONVERSION = YES;
				GCC_WARN_ABOUT_RETURN_TYPE = YES_ERROR;
				GCC_WARN_UNDECLARED_SELECTOR = YES;
				GCC_WARN_UNINITIALIZED_AUTOS = YES_AGGRESSIVE;
				GCC_WARN_UNUSED_FUNCTION = YES;
				GCC_WARN_UNUSED_VARIABLE = YES;
				IPHONEOS_DEPLOYMENT_TARGET = 11.2;
				MTL_ENABLE_DEBUG_INFO = NO;
				SDKROOT = iphoneos;
				SWIFT_OPTIMIZATION_LEVEL = "-Owholemodule";
				VALIDATE_PRODUCT = YES;
			};
			name = Release;
		};
		5B94D787203E895300F5E358 /* Debug */ = {
			isa = XCBuildConfiguration;
			buildSettings = {
				ASSETCATALOG_COMPILER_APPICON_NAME = AppIcon;
				CODE_SIGN_STYLE = Automatic;
				INFOPLIST_FILE = Portal/Info.plist;
				LD_RUNPATH_SEARCH_PATHS = "$(inherited) @executable_path/Frameworks";
				PRODUCT_BUNDLE_IDENTIFIER = com.gettingoutourdreams.Portal;
				PRODUCT_NAME = "$(TARGET_NAME)";
				SWIFT_VERSION = 4.0;
				TARGETED_DEVICE_FAMILY = "1,2";
			};
			name = Debug;
		};
		5B94D788203E895300F5E358 /* Release */ = {
			isa = XCBuildConfiguration;
			buildSettings = {
				ASSETCATALOG_COMPILER_APPICON_NAME = AppIcon;
				CODE_SIGN_STYLE = Automatic;
				INFOPLIST_FILE = Portal/Info.plist;
				LD_RUNPATH_SEARCH_PATHS = "$(inherited) @executable_path/Frameworks";
				PRODUCT_BUNDLE_IDENTIFIER = com.gettingoutourdreams.Portal;
				PRODUCT_NAME = "$(TARGET_NAME)";
				SWIFT_VERSION = 4.0;
				TARGETED_DEVICE_FAMILY = "1,2";
			};
			name = Release;
		};
		5B94D78A203E895300F5E358 /* Debug */ = {
			isa = XCBuildConfiguration;
			buildSettings = {
				ALWAYS_EMBED_SWIFT_STANDARD_LIBRARIES = YES;
				BUNDLE_LOADER = "$(TEST_HOST)";
				CODE_SIGN_STYLE = Automatic;
				INFOPLIST_FILE = PortalTests/Info.plist;
				LD_RUNPATH_SEARCH_PATHS = "$(inherited) @executable_path/Frameworks @loader_path/Frameworks";
				PRODUCT_BUNDLE_IDENTIFIER = com.gettingoutourdreams.PortalTests;
				PRODUCT_NAME = "$(TARGET_NAME)";
				SWIFT_VERSION = 4.0;
				TARGETED_DEVICE_FAMILY = "1,2";
				TEST_HOST = "$(BUILT_PRODUCTS_DIR)/Portal.app/Portal";
			};
			name = Debug;
		};
		5B94D78B203E895300F5E358 /* Release */ = {
			isa = XCBuildConfiguration;
			buildSettings = {
				ALWAYS_EMBED_SWIFT_STANDARD_LIBRARIES = YES;
				BUNDLE_LOADER = "$(TEST_HOST)";
				CODE_SIGN_STYLE = Automatic;
				INFOPLIST_FILE = PortalTests/Info.plist;
				LD_RUNPATH_SEARCH_PATHS = "$(inherited) @executable_path/Frameworks @loader_path/Frameworks";
				PRODUCT_BUNDLE_IDENTIFIER = com.gettingoutourdreams.PortalTests;
				PRODUCT_NAME = "$(TARGET_NAME)";
				SWIFT_VERSION = 4.0;
				TARGETED_DEVICE_FAMILY = "1,2";
				TEST_HOST = "$(BUILT_PRODUCTS_DIR)/Portal.app/Portal";
			};
			name = Release;
		};
		5B94D78D203E895300F5E358 /* Debug */ = {
			isa = XCBuildConfiguration;
			buildSettings = {
				ALWAYS_EMBED_SWIFT_STANDARD_LIBRARIES = YES;
				CODE_SIGN_STYLE = Automatic;
				INFOPLIST_FILE = PortalUITests/Info.plist;
				LD_RUNPATH_SEARCH_PATHS = "$(inherited) @executable_path/Frameworks @loader_path/Frameworks";
				PRODUCT_BUNDLE_IDENTIFIER = com.gettingoutourdreams.PortalUITests;
				PRODUCT_NAME = "$(TARGET_NAME)";
				SWIFT_VERSION = 4.0;
				TARGETED_DEVICE_FAMILY = "1,2";
				TEST_TARGET_NAME = Portal;
			};
			name = Debug;
		};
		5B94D78E203E895300F5E358 /* Release */ = {
			isa = XCBuildConfiguration;
			buildSettings = {
				ALWAYS_EMBED_SWIFT_STANDARD_LIBRARIES = YES;
				CODE_SIGN_STYLE = Automatic;
				INFOPLIST_FILE = PortalUITests/Info.plist;
				LD_RUNPATH_SEARCH_PATHS = "$(inherited) @executable_path/Frameworks @loader_path/Frameworks";
				PRODUCT_BUNDLE_IDENTIFIER = com.gettingoutourdreams.PortalUITests;
				PRODUCT_NAME = "$(TARGET_NAME)";
				SWIFT_VERSION = 4.0;
				TARGETED_DEVICE_FAMILY = "1,2";
				TEST_TARGET_NAME = Portal;
			};
			name = Release;
		};
/* End XCBuildConfiguration section */

/* Begin XCConfigurationList section */
		5B94D757203E895200F5E358 /* Build configuration list for PBXProject "Portal" */ = {
			isa = XCConfigurationList;
			buildConfigurations = (
				5B94D784203E895300F5E358 /* Debug */,
				5B94D785203E895300F5E358 /* Release */,
			);
			defaultConfigurationIsVisible = 0;
			defaultConfigurationName = Release;
		};
		5B94D786203E895300F5E358 /* Build configuration list for PBXNativeTarget "Portal" */ = {
			isa = XCConfigurationList;
			buildConfigurations = (
				5B94D787203E895300F5E358 /* Debug */,
				5B94D788203E895300F5E358 /* Release */,
			);
			defaultConfigurationIsVisible = 0;
			defaultConfigurationName = Release;
		};
		5B94D789203E895300F5E358 /* Build configuration list for PBXNativeTarget "PortalTests" */ = {
			isa = XCConfigurationList;
			buildConfigurations = (
				5B94D78A203E895300F5E358 /* Debug */,
				5B94D78B203E895300F5E358 /* Release */,
			);
			defaultConfigurationIsVisible = 0;
			defaultConfigurationName = Release;
		};
		5B94D78C203E895300F5E358 /* Build configuration list for PBXNativeTarget "PortalUITests" */ = {
			isa = XCConfigurationList;
			buildConfigurations = (
				5B94D78D203E895300F5E358 /* Debug */,
				5B94D78E203E895300F5E358 /* Release */,
			);
			defaultConfigurationIsVisible = 0;
			defaultConfigurationName = Release;
		};
/* End XCConfigurationList section */
	};
	rootObject = 5B94D754203E895200F5E358 /* Project object */;
}
